
Microsoft Visual Studio Solution File, Format Version 12.00
# Visual Studio Version 16
VisualStudioVersion = 16.0.29123.88
MinimumVisualStudioVersion = 10.0.40219.1
Project("{FAE04EC0-301F-11D3-BF4B-00C04F79EFBC}") = "Service", "Service\Service.csproj", "{A7438EE6-2048-44B2-85B5-71A2D528284F}"
EndProject
Global
	GlobalSection(SolutionConfigurationPlatforms) = preSolution
		Debug|Any CPU = Debug|Any CPU
		Release|Any CPU = Release|Any CPU
	EndGlobalSection
	GlobalSection(ProjectConfigurationPlatforms) = postSolution
		{A7438EE6-2048-44B2-85B5-71A2D528284F}.Debug|Any CPU.ActiveCfg = Debug|Any CPU
		{A7438EE6-2048-44B2-85B5-71A2D528284F}.Debug|Any CPU.Build.0 = Debug|Any CPU
		{A7438EE6-2048-44B2-85B5-71A2D528284F}.Release|Any CPU.ActiveCfg = Release|Any CPU
		{A7438EE6-2048-44B2-85B5-71A2D528284F}.Release|Any CPU.Build.0 = Release|Any CPU
	EndGlobalSection
	GlobalSection(SolutionProperties) = preSolution
		HideSolutionNode = FALSE
	EndGlobalSection
	GlobalSection(ExtensibilityGlobals) = postSolution
		SolutionGuid = {96316A0C-8D63-4702-8C13-CD9F79FF5DC1}
	EndGlobalSection
EndGlobal
